
Microsoft Visual Studio Solution File, Format Version 12.00
# Visual Studio Version 16
VisualStudioVersion = 16.0.31729.503
MinimumVisualStudioVersion = 10.0.40219.1
Project("{FAE04EC0-301F-11D3-BF4B-00C04F79EFBC}") = "AppCRUD", "AppCRUD\AppCRUD.csproj", "{1B70F720-F2B5-49E9-9448-7FEC43998FF3}"
EndProject
Global
	GlobalSection(SolutionConfigurationPlatforms) = preSolution
		Debug|Any CPU = Debug|Any CPU
		Release|Any CPU = Release|Any CPU
	EndGlobalSection
	GlobalSection(ProjectConfigurationPlatforms) = postSolution
		{1B70F720-F2B5-49E9-9448-7FEC43998FF3}.Debug|Any CPU.ActiveCfg = Debug|Any CPU
		{1B70F720-F2B5-49E9-9448-7FEC43998FF3}.Debug|Any CPU.Build.0 = Debug|Any CPU
		{1B70F720-F2B5-49E9-9448-7FEC43998FF3}.Release|Any CPU.ActiveCfg = Release|Any CPU
		{1B70F720-F2B5-49E9-9448-7FEC43998FF3}.Release|Any CPU.Build.0 = Release|Any CPU
	EndGlobalSection
	GlobalSection(SolutionProperties) = preSolution
		HideSolutionNode = FALSE
	EndGlobalSection
	GlobalSection(ExtensibilityGlobals) = postSolution
		SolutionGuid = {01988C20-8E77-4C50-AC9B-F1C55EDEEDDA}
	EndGlobalSection
EndGlobal
